
Microsoft Visual Studio Solution File, Format Version 12.00
# Visual Studio Version 17
VisualStudioVersion = 17.6.33815.320
MinimumVisualStudioVersion = 10.0.40219.1
Project("{FAE04EC0-301F-11D3-BF4B-00C04F79EFBC}") = "Altairis.CheckPoint.Web", "Altairis.CheckPoint.Web\Altairis.CheckPoint.Web.csproj", "{710E3852-82E7-4EED-AD72-E14C36ABFC60}"
EndProject
Project("{FAE04EC0-301F-11D3-BF4B-00C04F79EFBC}") = "Altairis.CheckPoint.Data", "Altairis.CheckPoint.Data\Altairis.CheckPoint.Data.csproj", "{89213BAE-5494-4F9D-ABE5-A0A16FC93B75}"
EndProject
Global
	GlobalSection(SolutionConfigurationPlatforms) = preSolution
		Debug|Any CPU = Debug|Any CPU
		Release|Any CPU = Release|Any CPU
	EndGlobalSection
	GlobalSection(ProjectConfigurationPlatforms) = postSolution
		{710E3852-82E7-4EED-AD72-E14C36ABFC60}.Debug|Any CPU.ActiveCfg = Debug|Any CPU
		{710E3852-82E7-4EED-AD72-E14C36ABFC60}.Debug|Any CPU.Build.0 = Debug|Any CPU
		{710E3852-82E7-4EED-AD72-E14C36ABFC60}.Release|Any CPU.ActiveCfg = Release|Any CPU
		{710E3852-82E7-4EED-AD72-E14C36ABFC60}.Release|Any CPU.Build.0 = Release|Any CPU
		{89213BAE-5494-4F9D-ABE5-A0A16FC93B75}.Debug|Any CPU.ActiveCfg = Debug|Any CPU
		{89213BAE-5494-4F9D-ABE5-A0A16FC93B75}.Debug|Any CPU.Build.0 = Debug|Any CPU
		{89213BAE-5494-4F9D-ABE5-A0A16FC93B75}.Release|Any CPU.ActiveCfg = Release|Any CPU
		{89213BAE-5494-4F9D-ABE5-A0A16FC93B75}.Release|Any CPU.Build.0 = Release|Any CPU
	EndGlobalSection
	GlobalSection(SolutionProperties) = preSolution
		HideSolutionNode = FALSE
	EndGlobalSection
	GlobalSection(ExtensibilityGlobals) = postSolution
		SolutionGuid = {568E7F24-61CA-4E2B-9C26-EB60E73EB940}
	EndGlobalSection
EndGlobal
